// !$*UTF8*$!
{
	archiveVersion = 1;
	classes = {
	};
	objectVersion = 46;
	objects = {

/* Begin PBXBuildFile section */
		B42DC2681F3E2502002CAA90 /* Timer2viewController .swift in Sources */ = {isa = PBXBuildFile; fileRef = B42DC2671F3E2502002CAA90 /* Timer2viewController .swift */; };
		B4300CBB1F3B852D006AB720 /* MyFirstApp1.xcdatamodeld in Sources */ = {isa = PBXBuildFile; fileRef = B4300CB91F3B852D006AB720 /* MyFirstApp1.xcdatamodeld */; };
		B434D9571F30FD6B00BDE458 /* TaskCell.swift in Sources */ = {isa = PBXBuildFile; fileRef = B434D9561F30FD6B00BDE458 /* TaskCell.swift */; };
		B43812FB1F21289400351128 /* TimeController.swift in Sources */ = {isa = PBXBuildFile; fileRef = B43812FA1F21289400351128 /* TimeController.swift */; };
		B44B617C1F1FDDDE0065C7C0 /* Task.swift in Sources */ = {isa = PBXBuildFile; fileRef = B44B617B1F1FDDDE0065C7C0 /* Task.swift */; };
		B44B617E1F1FE0490065C7C0 /* List.swift in Sources */ = {isa = PBXBuildFile; fileRef = B44B617D1F1FE0490065C7C0 /* List.swift */; };
		B44B61801F1FE1440065C7C0 /* ListOfTasksTableViewController.swift in Sources */ = {isa = PBXBuildFile; fileRef = B44B617F1F1FE1440065C7C0 /* ListOfTasksTableViewController.swift */; };
		B45FBC121F3BCB03002FA67C /* CoreDataHelper.swift in Sources */ = {isa = PBXBuildFile; fileRef = B45FBC111F3BCB03002FA67C /* CoreDataHelper.swift */; };
		B467A9AA1F2FB03600181E3C /* AddingNewTaskViewController .swift in Sources */ = {isa = PBXBuildFile; fileRef = B467A9A91F2FB03600181E3C /* AddingNewTaskViewController .swift */; };
		B4BFCBCF1F3D05A200B5CFDD /* ListCell.swift in Sources */ = {isa = PBXBuildFile; fileRef = B4BFCBCE1F3D05A200B5CFDD /* ListCell.swift */; };
		B4C755CB1F3A2E1800659505 /* AllListsTableViewController.swift in Sources */ = {isa = PBXBuildFile; fileRef = B4C755CA1F3A2E1800659505 /* AllListsTableViewController.swift */; };
		B4D86D451F1D38A600B7BFED /* AppDelegate.swift in Sources */ = {isa = PBXBuildFile; fileRef = B4D86D441F1D38A600B7BFED /* AppDelegate.swift */; };
		B4D86D4A1F1D38A600B7BFED /* Main.storyboard in Resources */ = {isa = PBXBuildFile; fileRef = B4D86D481F1D38A600B7BFED /* Main.storyboard */; };
		B4D86D4C1F1D38A600B7BFED /* Assets.xcassets in Resources */ = {isa = PBXBuildFile; fileRef = B4D86D4B1F1D38A600B7BFED /* Assets.xcassets */; };
		B4D86D4F1F1D38A600B7BFED /* LaunchScreen.storyboard in Resources */ = {isa = PBXBuildFile; fileRef = B4D86D4D1F1D38A600B7BFED /* LaunchScreen.storyboard */; };
/* End PBXBuildFile section */

/* Begin PBXFileReference section */
		B42DC2671F3E2502002CAA90 /* Timer2viewController .swift */ = {isa = PBXFileReference; fileEncoding = 4; lastKnownFileType = sourcecode.swift; path = "Timer2viewController .swift"; sourceTree = "<group>"; };
		B4300CBA1F3B852D006AB720 /* MyFirstApp1.xcdatamodel */ = {isa = PBXFileReference; lastKnownFileType = wrapper.xcdatamodel; path = MyFirstApp1.xcdatamodel; sourceTree = "<group>"; };
		B434D9561F30FD6B00BDE458 /* TaskCell.swift */ = {isa = PBXFileReference; fileEncoding = 4; lastKnownFileType = sourcecode.swift; path = TaskCell.swift; sourceTree = "<group>"; };
		B43812FA1F21289400351128 /* TimeController.swift */ = {isa = PBXFileReference; fileEncoding = 4; lastKnownFileType = sourcecode.swift; path = TimeController.swift; sourceTree = "<group>"; };
		B44B617B1F1FDDDE0065C7C0 /* Task.swift */ = {isa = PBXFileReference; fileEncoding = 4; lastKnownFileType = sourcecode.swift; path = Task.swift; sourceTree = "<group>"; };
		B44B617D1F1FE0490065C7C0 /* List.swift */ = {isa = PBXFileReference; fileEncoding = 4; lastKnownFileType = sourcecode.swift; path = List.swift; sourceTree = "<group>"; };
		B44B617F1F1FE1440065C7C0 /* ListOfTasksTableViewController.swift */ = {isa = PBXFileReference; fileEncoding = 4; lastKnownFileType = sourcecode.swift; name = ListOfTasksTableViewController.swift; path = ../ListOfTasksTableViewController.swift; sourceTree = "<group>"; };
		B45FBC111F3BCB03002FA67C /* CoreDataHelper.swift */ = {isa = PBXFileReference; fileEncoding = 4; lastKnownFileType = sourcecode.swift; path = CoreDataHelper.swift; sourceTree = "<group>"; };
		B467A9A91F2FB03600181E3C /* AddingNewTaskViewController .swift */ = {isa = PBXFileReference; fileEncoding = 4; lastKnownFileType = sourcecode.swift; path = "AddingNewTaskViewController .swift"; sourceTree = "<group>"; };
		B4BFCBCE1F3D05A200B5CFDD /* ListCell.swift */ = {isa = PBXFileReference; fileEncoding = 4; lastKnownFileType = sourcecode.swift; path = ListCell.swift; sourceTree = "<group>"; };
		B4C755CA1F3A2E1800659505 /* AllListsTableViewController.swift */ = {isa = PBXFileReference; fileEncoding = 4; lastKnownFileType = sourcecode.swift; path = AllListsTableViewController.swift; sourceTree = "<group>"; };
		B4D86D411F1D38A600B7BFED /* MyFirstApp1.app */ = {isa = PBXFileReference; explicitFileType = wrapper.application; includeInIndex = 0; path = MyFirstApp1.app; sourceTree = BUILT_PRODUCTS_DIR; };
		B4D86D441F1D38A600B7BFED /* AppDelegate.swift */ = {isa = PBXFileReference; lastKnownFileType = sourcecode.swift; path = AppDelegate.swift; sourceTree = "<group>"; };
		B4D86D491F1D38A600B7BFED /* Base */ = {isa = PBXFileReference; lastKnownFileType = file.storyboard; name = Base; path = Base.lproj/Main.storyboard; sourceTree = "<group>"; };
		B4D86D4B1F1D38A600B7BFED /* Assets.xcassets */ = {isa = PBXFileReference; lastKnownFileType = folder.assetcatalog; path = Assets.xcassets; sourceTree = "<group>"; };
		B4D86D4E1F1D38A600B7BFED /* Base */ = {isa = PBXFileReference; lastKnownFileType = file.storyboard; name = Base; path = Base.lproj/LaunchScreen.storyboard; sourceTree = "<group>"; };
		B4D86D501F1D38A600B7BFED /* Info.plist */ = {isa = PBXFileReference; lastKnownFileType = text.plist.xml; path = Info.plist; sourceTree = "<group>"; };
/* End PBXFileReference section */

/* Begin PBXFrameworksBuildPhase section */
		B4D86D3E1F1D38A600B7BFED /* Frameworks */ = {
			isa = PBXFrameworksBuildPhase;
			buildActionMask = 2147483647;
			files = (
			);
			runOnlyForDeploymentPostprocessing = 0;
		};
/* End PBXFrameworksBuildPhase section */

/* Begin PBXGroup section */
		B44B617A1F1FDDA60065C7C0 /* Model */ = {
			isa = PBXGroup;
			children = (
				B44B617B1F1FDDDE0065C7C0 /* Task.swift */,
				B44B617D1F1FE0490065C7C0 /* List.swift */,
			);
			name = Model;
			sourceTree = "<group>";
		};
		B44B61811F1FE1660065C7C0 /* Controllers  */ = {
			isa = PBXGroup;
			children = (
				B467A9A91F2FB03600181E3C /* AddingNewTaskViewController .swift */,
				B44B617F1F1FE1440065C7C0 /* ListOfTasksTableViewController.swift */,
				B4C755CA1F3A2E1800659505 /* AllListsTableViewController.swift */,
				B43812FA1F21289400351128 /* TimeController.swift */,
				B42DC2671F3E2502002CAA90 /* Timer2viewController .swift */,
				B45FBC131F3BD5FA002FA67C /* Helper */,
			);
			name = "Controllers ";
			sourceTree = "<group>";
		};
		B45FBC131F3BD5FA002FA67C /* Helper */ = {
			isa = PBXGroup;
			children = (
				B45FBC111F3BCB03002FA67C /* CoreDataHelper.swift */,
			);
			name = Helper;
			sourceTree = "<group>";
		};
		B4D86D381F1D38A600B7BFED = {
			isa = PBXGroup;
			children = (
				B4D86D431F1D38A600B7BFED /* MyFirstApp1 */,
				B4D86D421F1D38A600B7BFED /* Products */,
			);
			sourceTree = "<group>";
		};
		B4D86D421F1D38A600B7BFED /* Products */ = {
			isa = PBXGroup;
			children = (
				B4D86D411F1D38A600B7BFED /* MyFirstApp1.app */,
			);
			name = Products;
			sourceTree = "<group>";
		};
		B4D86D431F1D38A600B7BFED /* MyFirstApp1 */ = {
			isa = PBXGroup;
			children = (
				B4300CB91F3B852D006AB720 /* MyFirstApp1.xcdatamodeld */,
				B4D86D441F1D38A600B7BFED /* AppDelegate.swift */,
				B44B617A1F1FDDA60065C7C0 /* Model */,
				B44B61811F1FE1660065C7C0 /* Controllers  */,
				B4D86D581F1D399400B7BFED /* Views  */,
				B4D86D481F1D38A600B7BFED /* Main.storyboard */,
				B4D86D4B1F1D38A600B7BFED /* Assets.xcassets */,
				B4D86D4D1F1D38A600B7BFED /* LaunchScreen.storyboard */,
				B4D86D501F1D38A600B7BFED /* Info.plist */,
			);
			path = MyFirstApp1;
			sourceTree = "<group>";
		};
		B4D86D581F1D399400B7BFED /* Views  */ = {
			isa = PBXGroup;
			children = (
				B434D9561F30FD6B00BDE458 /* TaskCell.swift */,
				B4BFCBCE1F3D05A200B5CFDD /* ListCell.swift */,
			);
			name = "Views ";
			sourceTree = "<group>";
		};
/* End PBXGroup section */

/* Begin PBXNativeTarget section */
		B4D86D401F1D38A600B7BFED /* MyFirstApp1 */ = {
			isa = PBXNativeTarget;
			buildConfigurationList = B4D86D531F1D38A600B7BFED /* Build configuration list for PBXNativeTarget "MyFirstApp1" */;
			buildPhases = (
				B4D86D3D1F1D38A600B7BFED /* Sources */,
				B4D86D3E1F1D38A600B7BFED /* Frameworks */,
				B4D86D3F1F1D38A600B7BFED /* Resources */,
			);
			buildRules = (
			);
			dependencies = (
			);
			name = MyFirstApp1;
			productName = MyFirstApp1;
			productReference = B4D86D411F1D38A600B7BFED /* MyFirstApp1.app */;
			productType = "com.apple.product-type.application";
		};
/* End PBXNativeTarget section */

/* Begin PBXProject section */
		B4D86D391F1D38A600B7BFED /* Project object */ = {
			isa = PBXProject;
			attributes = {
				LastSwiftUpdateCheck = 0830;
				LastUpgradeCheck = 0830;
				ORGANIZATIONNAME = "Abdulrahman Althobaiti";
				TargetAttributes = {
					B4D86D401F1D38A600B7BFED = {
						CreatedOnToolsVersion = 8.3.3;
						DevelopmentTeam = C445A368M6;
						ProvisioningStyle = Automatic;
					};
				};
			};
			buildConfigurationList = B4D86D3C1F1D38A600B7BFED /* Build configuration list for PBXProject "MyFirstApp1" */;
			compatibilityVersion = "Xcode 3.2";
			developmentRegion = English;
			hasScannedForEncodings = 0;
			knownRegions = (
				en,
				Base,
			);
			mainGroup = B4D86D381F1D38A600B7BFED;
			productRefGroup = B4D86D421F1D38A600B7BFED /* Products */;
			projectDirPath = "";
			projectRoot = "";
			targets = (
				B4D86D401F1D38A600B7BFED /* MyFirstApp1 */,
			);
		};
/* End PBXProject section */

/* Begin PBXResourcesBuildPhase section */
		B4D86D3F1F1D38A600B7BFED /* Resources */ = {
			isa = PBXResourcesBuildPhase;
			buildActionMask = 2147483647;
			files = (
				B4D86D4F1F1D38A600B7BFED /* LaunchScreen.storyboard in Resources */,
				B4D86D4C1F1D38A600B7BFED /* Assets.xcassets in Resources */,
				B4D86D4A1F1D38A600B7BFED /* Main.storyboard in Resources */,
			);
			runOnlyForDeploymentPostprocessing = 0;
		};
/* End PBXResourcesBuildPhase section */

/* Begin PBXSourcesBuildPhase section */
		B4D86D3D1F1D38A600B7BFED /* Sources */ = {
			isa = PBXSourcesBuildPhase;
			buildActionMask = 2147483647;
			files = (
				B42DC2681F3E2502002CAA90 /* Timer2viewController .swift in Sources */,
				B45FBC121F3BCB03002FA67C /* CoreDataHelper.swift in Sources */,
				B4C755CB1F3A2E1800659505 /* AllListsTableViewController.swift in Sources */,
				B44B617C1F1FDDDE0065C7C0 /* Task.swift in Sources */,
				B4D86D451F1D38A600B7BFED /* AppDelegate.swift in Sources */,
				B467A9AA1F2FB03600181E3C /* AddingNewTaskViewController .swift in Sources */,
				B44B61801F1FE1440065C7C0 /* ListOfTasksTableViewController.swift in Sources */,
				B4BFCBCF1F3D05A200B5CFDD /* ListCell.swift in Sources */,
				B43812FB1F21289400351128 /* TimeController.swift in Sources */,
				B4300CBB1F3B852D006AB720 /* MyFirstApp1.xcdatamodeld in Sources */,
				B434D9571F30FD6B00BDE458 /* TaskCell.swift in Sources */,
				B44B617E1F1FE0490065C7C0 /* List.swift in Sources */,
			);
			runOnlyForDeploymentPostprocessing = 0;
		};
/* End PBXSourcesBuildPhase section */

/* Begin PBXVariantGroup section */
		B4D86D481F1D38A600B7BFED /* Main.storyboard */ = {
			isa = PBXVariantGroup;
			children = (
				B4D86D491F1D38A600B7BFED /* Base */,
			);
			name = Main.storyboard;
			sourceTree = "<group>";
		};
		B4D86D4D1F1D38A600B7BFED /* LaunchScreen.storyboard */ = {
			isa = PBXVariantGroup;
			children = (
				B4D86D4E1F1D38A600B7BFED /* Base */,
			);
			name = LaunchScreen.storyboard;
			sourceTree = "<group>";
		};
/* End PBXVariantGroup section */

/* Begin XCBuildConfiguration section */
		B4D86D511F1D38A600B7BFED /* Debug */ = {
			isa = XCBuildConfiguration;
			buildSettings = {
				ALWAYS_SEARCH_USER_PATHS = NO;
				CLANG_ANALYZER_NONNULL = YES;
				CLANG_ANALYZER_NUMBER_OBJECT_CONVERSION = YES_AGGRESSIVE;
				CLANG_CXX_LANGUAGE_STANDARD = "gnu++0x";
				CLANG_CXX_LIBRARY = "libc++";
				CLANG_ENABLE_MODULES = YES;
				CLANG_ENABLE_OBJC_ARC = YES;
				CLANG_WARN_BOOL_CONVERSION = YES;
				CLANG_WARN_CONSTANT_CONVERSION = YES;
				CLANG_WARN_DIRECT_OBJC_ISA_USAGE = YES_ERROR;
				CLANG_WARN_DOCUMENTATION_COMMENTS = YES;
				CLANG_WARN_EMPTY_BODY = YES;
				CLANG_WARN_ENUM_CONVERSION = YES;
				CLANG_WARN_INFINITE_RECURSION = YES;
				CLANG_WARN_INT_CONVERSION = YES;
				CLANG_WARN_OBJC_ROOT_CLASS = YES_ERROR;
				CLANG_WARN_SUSPICIOUS_MOVE = YES;
				CLANG_WARN_UNREACHABLE_CODE = YES;
				CLANG_WARN__DUPLICATE_METHOD_MATCH = YES;
				"CODE_SIGN_IDENTITY[sdk=iphoneos*]" = "iPhone Developer";
				COPY_PHASE_STRIP = NO;
				DEBUG_INFORMATION_FORMAT = dwarf;
				ENABLE_STRICT_OBJC_MSGSEND = YES;
				ENABLE_TESTABILITY = YES;
				GCC_C_LANGUAGE_STANDARD = gnu99;
				GCC_DYNAMIC_NO_PIC = NO;
				GCC_NO_COMMON_BLOCKS = YES;
				GCC_OPTIMIZATION_LEVEL = 0;
				GCC_PREPROCESSOR_DEFINITIONS = (
					"DEBUG=1",
					"$(inherited)",
				);
				GCC_WARN_64_TO_32_BIT_CONVERSION = YES;
				GCC_WARN_ABOUT_RETURN_TYPE = YES_ERROR;
				GCC_WARN_UNDECLARED_SELECTOR = YES;
				GCC_WARN_UNINITIALIZED_AUTOS = YES_AGGRESSIVE;
				GCC_WARN_UNUSED_FUNCTION = YES;
				GCC_WARN_UNUSED_VARIABLE = YES;
				IPHONEOS_DEPLOYMENT_TARGET = 10.3;
				MTL_ENABLE_DEBUG_INFO = YES;
				ONLY_ACTIVE_ARCH = YES;
				SDKROOT = iphoneos;
				SWIFT_ACTIVE_COMPILATION_CONDITIONS = DEBUG;
				SWIFT_OPTIMIZATION_LEVEL = "-Onone";
			};
			name = Debug;
		};
		B4D86D521F1D38A600B7BFED /* Release */ = {
			isa = XCBuildConfiguration;
			buildSettings = {
				ALWAYS_SEARCH_USER_PATHS = NO;
				CLANG_ANALYZER_NONNULL = YES;
				CLANG_ANALYZER_NUMBER_OBJECT_CONVERSION = YES_AGGRESSIVE;
				CLANG_CXX_LANGUAGE_STANDARD = "gnu++0x";
				CLANG_CXX_LIBRARY = "libc++";
				CLANG_ENABLE_MODULES = YES;
				CLANG_ENABLE_OBJC_ARC = YES;
				CLANG_WARN_BOOL_CONVERSION = YES;
				CLANG_WARN_CONSTANT_CONVERSION = YES;
				CLANG_WARN_DIRECT_OBJC_ISA_USAGE = YES_ERROR;
				CLANG_WARN_DOCUMENTATION_COMMENTS = YES;
				CLANG_WARN_EMPTY_BODY = YES;
				CLANG_WARN_ENUM_CONVERSION = YES;
				CLANG_WARN_INFINITE_RECURSION = YES;
				CLANG_WARN_INT_CONVERSION = YES;
				CLANG_WARN_OBJC_ROOT_CLASS = YES_ERROR;
				CLANG_WARN_SUSPICIOUS_MOVE = YES;
				CLANG_WARN_UNREACHABLE_CODE = YES;
				CLANG_WARN__DUPLICATE_METHOD_MATCH = YES;
				"CODE_SIGN_IDENTITY[sdk=iphoneos*]" = "iPhone Developer";
				COPY_PHASE_STRIP = NO;
				DEBUG_INFORMATION_FORMAT = "dwarf-with-dsym";
				ENABLE_NS_ASSERTIONS = NO;
				ENABLE_STRICT_OBJC_MSGSEND = YES;
				GCC_C_LANGUAGE_STANDARD = gnu99;
				GCC_NO_COMMON_BLOCKS = YES;
				GCC_WARN_64_TO_32_BIT_CONVERSION = YES;
				GCC_WARN_ABOUT_RETURN_TYPE = YES_ERROR;
				GCC_WARN_UNDECLARED_SELECTOR = YES;
				GCC_WARN_UNINITIALIZED_AUTOS = YES_AGGRESSIVE;
				GCC_WARN_UNUSED_FUNCTION = YES;
				GCC_WARN_UNUSED_VARIABLE = YES;
				IPHONEOS_DEPLOYMENT_TARGET = 10.3;
				MTL_ENABLE_DEBUG_INFO = NO;
				SDKROOT = iphoneos;
				SWIFT_OPTIMIZATION_LEVEL = "-Owholemodule";
				VALIDATE_PRODUCT = YES;
			};
			name = Release;
		};
		B4D86D541F1D38A600B7BFED /* Debug */ = {
			isa = XCBuildConfiguration;
			buildSettings = {
				ASSETCATALOG_COMPILER_APPICON_NAME = AppIcon;
				DEVELOPMENT_TEAM = C445A368M6;
				INFOPLIST_FILE = MyFirstApp1/Info.plist;
				LD_RUNPATH_SEARCH_PATHS = "$(inherited) @executable_path/Frameworks";
				PRODUCT_BUNDLE_IDENTIFIER = "Make-school";
				PRODUCT_NAME = "$(TARGET_NAME)";
				SWIFT_VERSION = 3.0;
			};
			name = Debug;
		};
		B4D86D551F1D38A600B7BFED /* Release */ = {
			isa = XCBuildConfiguration;
			buildSettings = {
				ASSETCATALOG_COMPILER_APPICON_NAME = AppIcon;
				DEVELOPMENT_TEAM = C445A368M6;
				INFOPLIST_FILE = MyFirstApp1/Info.plist;
				LD_RUNPATH_SEARCH_PATHS = "$(inherited) @executable_path/Frameworks";
				PRODUCT_BUNDLE_IDENTIFIER = "Make-school";
				PRODUCT_NAME = "$(TARGET_NAME)";
				SWIFT_VERSION = 3.0;
			};
			name = Release;
		};
/* End XCBuildConfiguration section */

/* Begin XCConfigurationList section */
		B4D86D3C1F1D38A600B7BFED /* Build configuration list for PBXProject "MyFirstApp1" */ = {
			isa = XCConfigurationList;
			buildConfigurations = (
				B4D86D511F1D38A600B7BFED /* Debug */,
				B4D86D521F1D38A600B7BFED /* Release */,
			);
			defaultConfigurationIsVisible = 0;
			defaultConfigurationName = Release;
		};
		B4D86D531F1D38A600B7BFED /* Build configuration list for PBXNativeTarget "MyFirstApp1" */ = {
			isa = XCConfigurationList;
			buildConfigurations = (
				B4D86D541F1D38A600B7BFED /* Debug */,
				B4D86D551F1D38A600B7BFED /* Release */,
			);
			defaultConfigurationIsVisible = 0;
			defaultConfigurationName = Release;
		};
/* End XCConfigurationList section */

/* Begin XCVersionGroup section */
		B4300CB91F3B852D006AB720 /* MyFirstApp1.xcdatamodeld */ = {
			isa = XCVersionGroup;
			children = (
				B4300CBA1F3B852D006AB720 /* MyFirstApp1.xcdatamodel */,
			);
			currentVersion = B4300CBA1F3B852D006AB720 /* MyFirstApp1.xcdatamodel */;
			path = MyFirstApp1.xcdatamodeld;
			sourceTree = "<group>";
			versionGroupType = wrapper.xcdatamodel;
		};
/* End XCVersionGroup section */
	};
	rootObject = B4D86D391F1D38A600B7BFED /* Project object */;
}
